{
  "lockfile_version": "1",
  "packages": {
    "direnv": {
      "resolved": "github:NixOS/nixpkgs/75a52265bda7fd25e06e3a67dee3f0354e73243c#direnv",
      "source": "nixpkg"
    },
    "go@latest": {
      "last_modified": "2024-03-08T13:51:52Z",
      "resolved": "github:NixOS/nixpkgs/a343533bccc62400e8a9560423486a3b6c11a23b#go_1_22",
      "source": "devbox-search",
      "version": "1.22.1",
      "systems": {
        "aarch64-darwin": {
          "store_path": "/nix/store/k9srp8ngvblscg68fdpcyqkydh86429k-go-1.22.1"
        },
        "aarch64-linux": {
          "store_path": "/nix/store/i604lwmgw1s8w3bdvsiz4332rx7fsb87-go-1.22.1"
        },
        "x86_64-darwin": {
          "store_path": "/nix/store/5dyp491ka5hx1g788dvnvadzk9kn92bp-go-1.22.1"
        },
        "x86_64-linux": {
          "store_path": "/nix/store/wkbckbd30nlhq4dxzg64q6y4vm1xx4fk-go-1.22.1"
        }
      }
    },
    "kind@latest": {
      "last_modified": "2024-03-08T13:51:52Z",
      "resolved": "github:NixOS/nixpkgs/a343533bccc62400e8a9560423486a3b6c11a23b#kind",
      "source": "devbox-search",
      "version": "0.22.0",
      "systems": {
        "aarch64-darwin": {
          "store_path": "/nix/store/87yk9f9zqzl4q6cawsw78l9c872xk3zb-kind-0.22.0"
        },
        "aarch64-linux": {
          "store_path": "/nix/store/hd04jgix5j5dj1grcgh9wwlz636243h6-kind-0.22.0"
        },
        "x86_64-darwin": {
          "store_path": "/nix/store/114mq99ncln9x8h4mxpcjsflbh9qawxs-kind-0.22.0"
        },
        "x86_64-linux": {
          "store_path": "/nix/store/d0wmw2i217vak50q2h94wic5ipi11jir-kind-0.22.0"
        }
      }
    },
    "kubectl@latest": {
      "last_modified": "2024-03-18T12:38:16Z",
      "resolved": "github:NixOS/nixpkgs/e367f7a1fb93137af22a3908f00b9a35e2d286a7#kubectl",
      "source": "devbox-search",
      "version": "1.29.3",
      "systems": {
        "aarch64-darwin": {
          "store_path": "/nix/store/qrfxb19jr53r2kcsvga8wvg25v5dwyjh-kubectl-1.29.3"
        },
        "aarch64-linux": {
          "store_path": "/nix/store/hmdnw2aivd5ywvg8h2d9sjghpp91jqmm-kubectl-1.29.3"
        },
        "x86_64-darwin": {
          "store_path": "/nix/store/1xvm25fyz9afncqgjxixjsjxfihvqf9k-kubectl-1.29.3"
        },
        "x86_64-linux": {
          "store_path": "/nix/store/xha7i9pddiz31bm9cr33njwnmzdpd3rf-kubectl-1.29.3"
        }
      }
    },
    "lf@latest": {
      "last_modified": "2024-03-08T13:51:52Z",
      "resolved": "github:NixOS/nixpkgs/a343533bccc62400e8a9560423486a3b6c11a23b#lf",
      "source": "devbox-search",
      "version": "31",
      "systems": {
        "aarch64-darwin": {
          "store_path": "/nix/store/781l7yr6zrsb0dr82rwgy21mv3p9jsr6-lf-31"
        },
        "aarch64-linux": {
          "store_path": "/nix/store/y39b4y8mf8ydnpv6yzl1fyl8szmdqrq3-lf-31"
        },
        "x86_64-darwin": {
          "store_path": "/nix/store/y78isn9mwsfifmnadhkidnd3cc1flmfk-lf-31"
        },
        "x86_64-linux": {
          "store_path": "/nix/store/944nl79dj7vh37f1whkb185qrc5s49qs-lf-31"
        }
      }
    },
    "mkcert@latest": {
      "last_modified": "2024-03-08T13:51:52Z",
      "resolved": "github:NixOS/nixpkgs/a343533bccc62400e8a9560423486a3b6c11a23b#mkcert",
      "source": "devbox-search",
      "version": "1.4.4",
      "systems": {
        "aarch64-darwin": {
          "store_path": "/nix/store/91pd0g1drh41gl5mcls2dgc217v7rir5-mkcert-1.4.4"
        },
        "aarch64-linux": {
          "store_path": "/nix/store/0nrrns7s5iidzcqq59ha31dx3sb4wb0l-mkcert-1.4.4"
        },
        "x86_64-darwin": {
          "store_path": "/nix/store/8p81xhl5bijavbizvx4pcns180gm94xh-mkcert-1.4.4"
        },
        "x86_64-linux": {
          "store_path": "/nix/store/cfpf5kxj2812m81ycnrd2a4b6mc74hfk-mkcert-1.4.4"
        }
      }
    },
    "neovim@latest": {
      "last_modified": "2024-03-08T13:51:52Z",
      "resolved": "github:NixOS/nixpkgs/a343533bccc62400e8a9560423486a3b6c11a23b#neovim",
      "source": "devbox-search",
      "version": "0.9.5",
      "systems": {
        "aarch64-darwin": {
          "store_path": "/nix/store/hnj83hby3dm3dgh558hkxsiwjscb5h5f-neovim-0.9.5"
        },
        "aarch64-linux": {
          "store_path": "/nix/store/yfdqqfpyla7iba46fdpigl9pnncnyyzk-neovim-0.9.5"
        },
        "x86_64-darwin": {
          "store_path": "/nix/store/ry44wfl6nz634lhc8vgnzk2759jbb0hn-neovim-0.9.5"
        },
        "x86_64-linux": {
          "store_path": "/nix/store/sq6v1d1f16ih2cdi887wc193gjl7h10f-neovim-0.9.5"
        }
      }
    },
    "nodejs@latest": {
      "last_modified": "2024-03-09T07:11:56Z",
      "resolved": "github:NixOS/nixpkgs/0e7f98a5f30166cbed344569426850b21e4091d4#nodejs_21",
      "source": "devbox-search",
      "version": "21.7.1",
      "systems": {
        "aarch64-darwin": {
          "store_path": "/nix/store/mh1db6rni4mlcr473sh3fy6jg2m38jvg-nodejs-21.7.1"
        },
        "aarch64-linux": {
          "store_path": "/nix/store/ziyb3ny5f9hcwp0lsb9gwdv1pqsn03x1-nodejs-21.7.1"
        },
        "x86_64-darwin": {
          "store_path": "/nix/store/0zaa3aarbsj38g62ihv94gz2hgvgh6bc-nodejs-21.7.1"
        },
        "x86_64-linux": {
          "store_path": "/nix/store/4arhczh30ychpx6h2wpj5nhx39wm0nla-nodejs-21.7.1"
        }
      }
    },
    "ripgrep@latest": {
      "last_modified": "2024-03-08T13:51:52Z",
      "resolved": "github:NixOS/nixpkgs/a343533bccc62400e8a9560423486a3b6c11a23b#ripgrep",
      "source": "devbox-search",
      "version": "14.1.0",
      "systems": {
        "aarch64-darwin": {
          "store_path": "/nix/store/ljx61b5jbk6yyx5kcw5jvlnpmqxx0k9f-ripgrep-14.1.0"
        },
        "aarch64-linux": {
          "store_path": "/nix/store/pa21g7b1zw6mhsqx6s297zc407ly2xgq-ripgrep-14.1.0"
        },
        "x86_64-darwin": {
          "store_path": "/nix/store/nbdrq8z0b15q1jsqppisx4aidzrhjmxg-ripgrep-14.1.0"
        },
        "x86_64-linux": {
          "store_path": "/nix/store/qr39lvx89kggflr3x8dgbd18mnyfzyfn-ripgrep-14.1.0"
        }
      }
    },
    "tldr@latest": {
      "last_modified": "2024-03-08T13:51:52Z",
      "resolved": "github:NixOS/nixpkgs/a343533bccc62400e8a9560423486a3b6c11a23b#tldr",
      "source": "devbox-search",
      "version": "1.6.1",
      "systems": {
        "aarch64-darwin": {
          "store_path": "/nix/store/snjw8rx909m4hjzmhal50a88n6qnzbv2-tldr-1.6.1"
        },
        "aarch64-linux": {
          "store_path": "/nix/store/pm9bf5sdak7wnpiafalff7sc2dgwn6yg-tldr-1.6.1"
        },
        "x86_64-darwin": {
          "store_path": "/nix/store/d0gam5pyiy8wp0yl6nrzza6f8yjqmiwb-tldr-1.6.1"
        },
        "x86_64-linux": {
          "store_path": "/nix/store/p04pznx277ycfsrnknw6ynkjvghhjny2-tldr-1.6.1"
        }
      }
    },
    "tmux@latest": {
      "last_modified": "2024-03-08T13:51:52Z",
      "resolved": "github:NixOS/nixpkgs/a343533bccc62400e8a9560423486a3b6c11a23b#tmux",
      "source": "devbox-search",
      "version": "3.4",
      "systems": {
        "aarch64-darwin": {
          "store_path": "/nix/store/p5yfqwd8mwwlbq4sjfqgqqbllkfn3zc1-tmux-3.4"
        },
        "aarch64-linux": {
          "store_path": "/nix/store/r34vfs1xmn6pcikwr7xzx5r2pgccn7ci-tmux-3.4"
        },
        "x86_64-darwin": {
          "store_path": "/nix/store/8z21yqsvxskxgrw6728b3m9gcz26pzzs-tmux-3.4"
        },
        "x86_64-linux": {
          "store_path": "/nix/store/jab6qi9x4crs6924nhy3rd7axmgngi54-tmux-3.4"
        }
      }
    },
    "unzip@latest": {
      "last_modified": "2024-03-08T13:51:52Z",
      "resolved": "github:NixOS/nixpkgs/a343533bccc62400e8a9560423486a3b6c11a23b#unzip",
      "source": "devbox-search",
      "version": "6.0",
      "systems": {
        "aarch64-darwin": {
          "store_path": "/nix/store/9z7584wcgjbcxwgqjwgr378qi771c7b4-unzip-6.0"
        },
        "aarch64-linux": {
          "store_path": "/nix/store/8r1n9p2647nmsxylgcrspqw4bslb54mk-unzip-6.0"
        },
        "x86_64-darwin": {
          "store_path": "/nix/store/svnn3yh842dd58cqc5krwvqn0b7hmyb7-unzip-6.0"
        },
        "x86_64-linux": {
          "store_path": "/nix/store/zd0lbbpbh0yapf4ilc7hzdvx87gl746r-unzip-6.0"
        }
      }
    },
    "zoxide@latest": {
      "last_modified": "2024-03-11T03:54:08Z",
      "resolved": "github:NixOS/nixpkgs/8c4e5e571696d4c476881cf90257c3dd0e66b0dd#zoxide",
      "source": "devbox-search",
      "version": "0.9.4",
      "systems": {
        "aarch64-darwin": {
          "store_path": "/nix/store/cqiwyvwh5z35y9pw2q8b3s2l1rkm71zk-zoxide-0.9.4"
        },
        "aarch64-linux": {
          "store_path": "/nix/store/4nm9wz9yw6r4rafx575h3aq945222xq3-zoxide-0.9.4"
        },
        "x86_64-darwin": {
          "store_path": "/nix/store/78svvn7w2nkv874zp46h3sjnngn6s772-zoxide-0.9.4"
        },
        "x86_64-linux": {
          "store_path": "/nix/store/9jv0dxxp2vyjwppkg9ryb9daxjx6z306-zoxide-0.9.4"
        }
      }
    }
  }
}
